# This file was autogenerated by Stack.
# You should not edit this file by hand.
# For more information, please see the documentation at:
#   https://docs.haskellstack.org/en/stable/lock_files

packages:
- completed:
    subdir: code/cleveland
    name: cleveland
    version: 0.1.0
    git: https://gitlab.com/morley-framework/morley.git
    pantry-tree:
      size: 11782
      sha256: b3fa991ee3d6e4cd8557b509b647df534cc1939632807d6ca7079de008667386
    commit: 0cc70793711af3a1cf65ec0fac2a2c147695c1d3
  original:
    subdir: code/cleveland
    git: https://gitlab.com/morley-framework/morley.git
    commit: 0cc70793711af3a1cf65ec0fac2a2c147695c1d3
- completed:
    subdir: code/morley-client
    name: morley-client
    version: 0.1.0
    git: https://gitlab.com/morley-framework/morley.git
    pantry-tree:
      size: 3088
      sha256: 2de983e6dd40ecff0fc05fe2e2e9824bc78780d35de825bc50c83f4b7cd28dbb
    commit: 0cc70793711af3a1cf65ec0fac2a2c147695c1d3
  original:
    subdir: code/morley-client
    git: https://gitlab.com/morley-framework/morley.git
    commit: 0cc70793711af3a1cf65ec0fac2a2c147695c1d3
- completed:
    subdir: code/morley-metadata
    name: morley-metadata
    version: '0'
    git: https://gitlab.com/morley-framework/morley-metadata.git
    pantry-tree:
      size: 1216
      sha256: 77241b0c9ce2a8e60d81d89bc9168bb037a0ff165d66eae5ecd1d8b0d5f73e95
    commit: 34342cf86e51190b541a68f795899a4328a3db01
  original:
    subdir: code/morley-metadata
    git: https://gitlab.com/morley-framework/morley-metadata.git
    commit: 34342cf86e51190b541a68f795899a4328a3db01
- completed:
    subdir: code/morley-metadata-test
    name: morley-metadata-test
    version: '0'
    git: https://gitlab.com/morley-framework/morley-metadata.git
    pantry-tree:
      size: 359
      sha256: 74ae23d5a6e23d8983629f911f23ef4009e49de03d7125c40d1d23e8c6522092
    commit: 34342cf86e51190b541a68f795899a4328a3db01
  original:
    subdir: code/morley-metadata-test
    git: https://gitlab.com/morley-framework/morley-metadata.git
    commit: 34342cf86e51190b541a68f795899a4328a3db01
- completed:
    hackage: morley-1.12.0@sha256:1ab40ade17bf216c0d8ede62ecadea6fe351234977121da63fc8807fd53e932b,7908
    pantry-tree:
      size: 9168
      sha256: 1aa17dbdc2e22e8713f0f5f0df9b706c1cdaeb0619a22c025eb177aeaa683c52
  original:
    hackage: morley-1.12.0
- completed:
    hackage: morley-prelude-0.3.0@sha256:9e9473ac14cfa206adf0a3700764c0251de05042f1fe45daf9cb8556079ae663,2085
    pantry-tree:
      size: 270
      sha256: 402cd467a690373ca891fa31650376312be351244c6d7e187ca9961d3708de0a
  original:
    hackage: morley-prelude-0.3.0
- completed:
    hackage: lorentz-0.9.1@sha256:9253f530a7d0e3761c4dabaad1d630bf6c65f54234256b4e200efb8b57407a79,3765
    pantry-tree:
      size: 3340
      sha256: 5a68f0dace0a5d7d47bc67f3ca189b91b6d72201767ecb8344e8289ad368953f
  original:
    hackage: lorentz-0.9.1
- completed:
    hackage: indigo-0.5.0@sha256:406a2ee839d52164b087e7fe7d7c24bc10a355fd8a394eb2b97babae2c7c6f26,6838
    pantry-tree:
      size: 3986
      sha256: 936d3a43a9768772464cfa65be8a053479a701e091b9dfd65bd268b98028bb04
  original:
    hackage: indigo-0.5.0
- completed:
    hackage: tasty-hunit-compat-0.2@sha256:71e077ae5c514fadd4586efc19315f10fa5f3c94770820f68f63768441d665f7,1199
    pantry-tree:
      size: 229
      sha256: ef4e8284433af224f89a1dfd2968ea79de3570cef6e81b10187aca5d1fae6f76
  original:
    hackage: tasty-hunit-compat-0.2
- completed:
    hackage: uncaught-exception-0.1.0@sha256:a03f8c2a1a8b2fc40ca9477599f2d8bcf46ce06465ab42c121b4d2481effc21e,2046
    pantry-tree:
      size: 343
      sha256: 401f9ba4729db9533ecb554a698d8c87bec4ea5382e3de335acf4d1d67c4362d
  original:
    hackage: uncaught-exception-0.1.0
- completed:
    hackage: base58-bytestring-0.1.0@sha256:a1da72ee89d5450bac1c792d9fcbe95ed7154ab7246f2172b57bd4fd9b5eab79,1913
    pantry-tree:
      size: 419
      sha256: 053784f8edef6433518c873a7c502dc75348f812e2384e1306f90467ea54f40b
  original:
    hackage: base58-bytestring-0.1.0
- completed:
    hackage: hex-text-0.1.0.0@sha256:abda1204c93d7d2c272088876eacd1de9bb9bf9adaaaa23ed32ac232a8436252,1139
    pantry-tree:
      size: 314
      sha256: 3a5b60f43c0dc4c3d5db342e23fded691065abd316af6124c8c55973367a4ef4
  original:
    hackage: hex-text-0.1.0.0
- completed:
    hackage: pretty-terminal-0.1.0.0@sha256:e9135d86ebb2a8e3aaf5a79088de4628dbd49988388e0fbfc26c5ecb3c399ad9,1638
    pantry-tree:
      size: 385
      sha256: fecec01e618890c284e57cb873b8f9531f479562b7cf08497aef097da3ef90ec
  original:
    hackage: pretty-terminal-0.1.0.0
- completed:
    hackage: show-type-0.1.1@sha256:24f681a3481b3f9630e619d816054804ba1bd6cc05b5978ddd2cece8499ff2fa,1154
    pantry-tree:
      size: 214
      sha256: c07e39492e0b8da34f87b3f7516f7739d60543013e7f22bc7db0dbe99eb57540
  original:
    hackage: show-type-0.1.1
- completed:
    name: caps
    version: '0'
    git: https://github.com/int-index/caps.git
    pantry-tree:
      size: 374
      sha256: 3a80cb98282b5cc87b8c9907bfdf4d7185818e89901dc9b17d53caecbf21e607
    commit: c5d61837eb358989b581ed82b1e79158c4823b1b
  original:
    git: https://github.com/int-index/caps.git
    commit: c5d61837eb358989b581ed82b1e79158c4823b1b
- completed:
    hackage: base-noprelude-4.13.0.0@sha256:3cccbfda38e1422ca5cc436d58858ba51ff9114d2ed87915a6569be11e4e5a90,6842
    pantry-tree:
      size: 112
      sha256: 90db92c8401880187ce642c5345407bcbd9546ea235524dd445cab2566ee3db1
  original:
    hackage: base-noprelude-4.13.0.0@sha256:3cccbfda38e1422ca5cc436d58858ba51ff9114d2ed87915a6569be11e4e5a90,6842
- completed:
    hackage: fmt-0.6.1.2@sha256:405a1bfc0ba0fd99f6eb1ee71f100045223f79204f961593012f28fd99cd1237,5319
    pantry-tree:
      size: 1004
      sha256: 45fad678e9b54ef4d7872ff052a4cfe6d49912b9c7fb9fc4af881587f0713f6b
  original:
    hackage: fmt-0.6.1.2@sha256:405a1bfc0ba0fd99f6eb1ee71f100045223f79204f961593012f28fd99cd1237,5319
- completed:
    hackage: named-0.3.0.1@sha256:69b9722301201f8ed8abc89c4595e22c746e944bf4cdfafa8b21b14d336b26d1,2233
    pantry-tree:
      size: 426
      sha256: 4f9aaa00a4fac7404da5b5ea175cbb71142b5a47921ac0521f3836cc75681d9f
  original:
    hackage: named-0.3.0.1@sha256:69b9722301201f8ed8abc89c4595e22c746e944bf4cdfafa8b21b14d336b26d1,2233
- completed:
    hackage: vinyl-0.12.1@sha256:43456d4b3009646eee63953cbe539f1f4d0caf8bc3c25e841117e712836508f3,3790
    pantry-tree:
      size: 1857
      sha256: 1a0a5f97e92926ea84c90c7cc8da6f8ce1765ab7aca5deef98e8feca75c0c4cd
  original:
    hackage: vinyl-0.12.1@sha256:43456d4b3009646eee63953cbe539f1f4d0caf8bc3c25e841117e712836508f3,3790
- completed:
    hackage: cryptonite-0.27@sha256:b75ec07ef0244574aa5374f0a1b349dff8c8f84583cb6c58fd95e565245716d4,18143
    pantry-tree:
      size: 22989
      sha256: 1a63bb79748aeb2c0312d6a166fe8436a139929b017bf208f002e79073d21966
  original:
    hackage: cryptonite-0.27
- completed:
    subdir: code/morley-ledgers
    name: morley-ledgers
    version: 0.2.0.1
    git: https://gitlab.com/morley-framework/morley-ledgers.git
    pantry-tree:
      size: 1524
      sha256: ea631d64804b66792b44dbd40b5d545ce1442e1549c29291683d2595a6942b0a
    commit: f4e3fffca1d877e404b38c54d8e1b411641c3548
  original:
    subdir: code/morley-ledgers
    git: https://gitlab.com/morley-framework/morley-ledgers.git
    commit: f4e3fffca1d877e404b38c54d8e1b411641c3548
- completed:
    subdir: code/morley-ledgers-test
    name: morley-ledgers-test
    version: 0.2.0.1
    git: https://gitlab.com/morley-framework/morley-ledgers.git
    pantry-tree:
      size: 1840
      sha256: e8ba5cb582a3cc4284ca0f7e5c8a66ad7eeb1c77670914e76a8af8c3217b3835
    commit: f4e3fffca1d877e404b38c54d8e1b411641c3548
  original:
    subdir: code/morley-ledgers-test
    git: https://gitlab.com/morley-framework/morley-ledgers.git
    commit: f4e3fffca1d877e404b38c54d8e1b411641c3548
snapshots:
- completed:
    size: 531707
    url: https://raw.githubusercontent.com/commercialhaskell/stackage-snapshots/master/lts/16/5.yaml
    sha256: 9751e25e0af5713a53ddcfcc79564b082c71b1b357fadef0d85672a5b5ba3703
  original: lts-16.5
